
Microsoft Visual Studio Solution File, Format Version 12.00
# Visual Studio Version 16
VisualStudioVersion = 16.0.28803.202
MinimumVisualStudioVersion = 10.0.40219.1
Project("{FAE04EC0-301F-11D3-BF4B-00C04F79EFBC}") = "Notes.UWP", "Notes\Notes.UWP\Notes.UWP.csproj", "{324AE443-65F4-480E-A2B4-4B952D4758B0}"
EndProject
Project("{FAE04EC0-301F-11D3-BF4B-00C04F79EFBC}") = "Notes.Android", "Notes\Notes.Android\Notes.Android.csproj", "{1D463419-E524-40FD-909C-F6A9629A1C93}"
EndProject
Project("{FAE04EC0-301F-11D3-BF4B-00C04F79EFBC}") = "Notes.iOS", "Notes\Notes.iOS\Notes.iOS.csproj", "{35D2554A-E7EB-4ECA-9EAA-82610BD30AD7}"
EndProject
Project("{FAE04EC0-301F-11D3-BF4B-00C04F79EFBC}") = "Notes", "Notes\Notes\Notes.csproj", "{E6C7767D-9158-448A-980D-E73B442D74AA}"
EndProject
Global
	GlobalSection(SolutionConfigurationPlatforms) = preSolution
		Debug|Any CPU = Debug|Any CPU
		Debug|ARM = Debug|ARM
		Debug|iPhone = Debug|iPhone
		Debug|iPhoneSimulator = Debug|iPhoneSimulator
		Debug|x64 = Debug|x64
		Debug|x86 = Debug|x86
		Release|Any CPU = Release|Any CPU
		Release|ARM = Release|ARM
		Release|iPhone = Release|iPhone
		Release|iPhoneSimulator = Release|iPhoneSimulator
		Release|x64 = Release|x64
		Release|x86 = Release|x86
	EndGlobalSection
	GlobalSection(ProjectConfigurationPlatforms) = postSolution
		{324AE443-65F4-480E-A2B4-4B952D4758B0}.Debug|Any CPU.ActiveCfg = Debug|x86
		{324AE443-65F4-480E-A2B4-4B952D4758B0}.Debug|Any CPU.Build.0 = Debug|x86
		{324AE443-65F4-480E-A2B4-4B952D4758B0}.Debug|Any CPU.Deploy.0 = Debug|x86
		{324AE443-65F4-480E-A2B4-4B952D4758B0}.Debug|ARM.ActiveCfg = Debug|ARM
		{324AE443-65F4-480E-A2B4-4B952D4758B0}.Debug|ARM.Build.0 = Debug|ARM
		{324AE443-65F4-480E-A2B4-4B952D4758B0}.Debug|ARM.Deploy.0 = Debug|ARM
		{324AE443-65F4-480E-A2B4-4B952D4758B0}.Debug|iPhone.ActiveCfg = Debug|x86
		{324AE443-65F4-480E-A2B4-4B952D4758B0}.Debug|iPhone.Build.0 = Debug|x86
		{324AE443-65F4-480E-A2B4-4B952D4758B0}.Debug|iPhone.Deploy.0 = Debug|x86
		{324AE443-65F4-480E-A2B4-4B952D4758B0}.Debug|iPhoneSimulator.ActiveCfg = Debug|x86
		{324AE443-65F4-480E-A2B4-4B952D4758B0}.Debug|iPhoneSimulator.Build.0 = Debug|x86
		{324AE443-65F4-480E-A2B4-4B952D4758B0}.Debug|iPhoneSimulator.Deploy.0 = Debug|x86
		{324AE443-65F4-480E-A2B4-4B952D4758B0}.Debug|x64.ActiveCfg = Debug|x64
		{324AE443-65F4-480E-A2B4-4B952D4758B0}.Debug|x64.Build.0 = Debug|x64
		{324AE443-65F4-480E-A2B4-4B952D4758B0}.Debug|x64.Deploy.0 = Debug|x64
		{324AE443-65F4-480E-A2B4-4B952D4758B0}.Debug|x86.ActiveCfg = Debug|x86
		{324AE443-65F4-480E-A2B4-4B952D4758B0}.Debug|x86.Build.0 = Debug|x86
		{324AE443-65F4-480E-A2B4-4B952D4758B0}.Debug|x86.Deploy.0 = Debug|x86
		{324AE443-65F4-480E-A2B4-4B952D4758B0}.Release|Any CPU.ActiveCfg = Release|x86
		{324AE443-65F4-480E-A2B4-4B952D4758B0}.Release|Any CPU.Build.0 = Release|x86
		{324AE443-65F4-480E-A2B4-4B952D4758B0}.Release|Any CPU.Deploy.0 = Release|x86
		{324AE443-65F4-480E-A2B4-4B952D4758B0}.Release|ARM.ActiveCfg = Release|ARM
		{324AE443-65F4-480E-A2B4-4B952D4758B0}.Release|ARM.Build.0 = Release|ARM
		{324AE443-65F4-480E-A2B4-4B952D4758B0}.Release|ARM.Deploy.0 = Release|ARM
		{324AE443-65F4-480E-A2B4-4B952D4758B0}.Release|iPhone.ActiveCfg = Release|x86
		{324AE443-65F4-480E-A2B4-4B952D4758B0}.Release|iPhone.Build.0 = Release|x86
		{324AE443-65F4-480E-A2B4-4B952D4758B0}.Release|iPhone.Deploy.0 = Release|x86
		{324AE443-65F4-480E-A2B4-4B952D4758B0}.Release|iPhoneSimulator.ActiveCfg = Release|x86
		{324AE443-65F4-480E-A2B4-4B952D4758B0}.Release|iPhoneSimulator.Build.0 = Release|x86
		{324AE443-65F4-480E-A2B4-4B952D4758B0}.Release|iPhoneSimulator.Deploy.0 = Release|x86
		{324AE443-65F4-480E-A2B4-4B952D4758B0}.Release|x64.ActiveCfg = Release|x64
		{324AE443-65F4-480E-A2B4-4B952D4758B0}.Release|x64.Build.0 = Release|x64
		{324AE443-65F4-480E-A2B4-4B952D4758B0}.Release|x64.Deploy.0 = Release|x64
		{324AE443-65F4-480E-A2B4-4B952D4758B0}.Release|x86.ActiveCfg = Release|x86
		{324AE443-65F4-480E-A2B4-4B952D4758B0}.Release|x86.Build.0 = Release|x86
		{324AE443-65F4-480E-A2B4-4B952D4758B0}.Release|x86.Deploy.0 = Release|x86
		{1D463419-E524-40FD-909C-F6A9629A1C93}.Debug|Any CPU.ActiveCfg = Debug|Any CPU
		{1D463419-E524-40FD-909C-F6A9629A1C93}.Debug|Any CPU.Build.0 = Debug|Any CPU
		{1D463419-E524-40FD-909C-F6A9629A1C93}.Debug|Any CPU.Deploy.0 = Debug|Any CPU
		{1D463419-E524-40FD-909C-F6A9629A1C93}.Debug|ARM.ActiveCfg = Debug|Any CPU
		{1D463419-E524-40FD-909C-F6A9629A1C93}.Debug|ARM.Build.0 = Debug|Any CPU
		{1D463419-E524-40FD-909C-F6A9629A1C93}.Debug|ARM.Deploy.0 = Debug|Any CPU
		{1D463419-E524-40FD-909C-F6A9629A1C93}.Debug|iPhone.ActiveCfg = Debug|Any CPU
		{1D463419-E524-40FD-909C-F6A9629A1C93}.Debug|iPhone.Build.0 = Debug|Any CPU
		{1D463419-E524-40FD-909C-F6A9629A1C93}.Debug|iPhone.Deploy.0 = Debug|Any CPU
		{1D463419-E524-40FD-909C-F6A9629A1C93}.Debug|iPhoneSimulator.ActiveCfg = Debug|Any CPU
		{1D463419-E524-40FD-909C-F6A9629A1C93}.Debug|iPhoneSimulator.Build.0 = Debug|Any CPU
		{1D463419-E524-40FD-909C-F6A9629A1C93}.Debug|iPhoneSimulator.Deploy.0 = Debug|Any CPU
		{1D463419-E524-40FD-909C-F6A9629A1C93}.Debug|x64.ActiveCfg = Debug|Any CPU
		{1D463419-E524-40FD-909C-F6A9629A1C93}.Debug|x64.Build.0 = Debug|Any CPU
		{1D463419-E524-40FD-909C-F6A9629A1C93}.Debug|x64.Deploy.0 = Debug|Any CPU
		{1D463419-E524-40FD-909C-F6A9629A1C93}.Debug|x86.ActiveCfg = Debug|Any CPU
		{1D463419-E524-40FD-909C-F6A9629A1C93}.Debug|x86.Build.0 = Debug|Any CPU
		{1D463419-E524-40FD-909C-F6A9629A1C93}.Debug|x86.Deploy.0 = Debug|Any CPU
		{1D463419-E524-40FD-909C-F6A9629A1C93}.Release|Any CPU.ActiveCfg = Release|Any CPU
		{1D463419-E524-40FD-909C-F6A9629A1C93}.Release|Any CPU.Build.0 = Release|Any CPU
		{1D463419-E524-40FD-909C-F6A9629A1C93}.Release|Any CPU.Deploy.0 = Release|Any CPU
		{1D463419-E524-40FD-909C-F6A9629A1C93}.Release|ARM.ActiveCfg = Release|Any CPU
		{1D463419-E524-40FD-909C-F6A9629A1C93}.Release|ARM.Build.0 = Release|Any CPU
		{1D463419-E524-40FD-909C-F6A9629A1C93}.Release|ARM.Deploy.0 = Release|Any CPU
		{1D463419-E524-40FD-909C-F6A9629A1C93}.Release|iPhone.ActiveCfg = Release|Any CPU
		{1D463419-E524-40FD-909C-F6A9629A1C93}.Release|iPhone.Build.0 = Release|Any CPU
		{1D463419-E524-40FD-909C-F6A9629A1C93}.Release|iPhone.Deploy.0 = Release|Any CPU
		{1D463419-E524-40FD-909C-F6A9629A1C93}.Release|iPhoneSimulator.ActiveCfg = Release|Any CPU
		{1D463419-E524-40FD-909C-F6A9629A1C93}.Release|iPhoneSimulator.Build.0 = Release|Any CPU
		{1D463419-E524-40FD-909C-F6A9629A1C93}.Release|iPhoneSimulator.Deploy.0 = Release|Any CPU
		{1D463419-E524-40FD-909C-F6A9629A1C93}.Release|x64.ActiveCfg = Release|Any CPU
		{1D463419-E524-40FD-909C-F6A9629A1C93}.Release|x64.Build.0 = Release|Any CPU
		{1D463419-E524-40FD-909C-F6A9629A1C93}.Release|x64.Deploy.0 = Release|Any CPU
		{1D463419-E524-40FD-909C-F6A9629A1C93}.Release|x86.ActiveCfg = Release|Any CPU
		{1D463419-E524-40FD-909C-F6A9629A1C93}.Release|x86.Build.0 = Release|Any CPU
		{1D463419-E524-40FD-909C-F6A9629A1C93}.Release|x86.Deploy.0 = Release|Any CPU
		{35D2554A-E7EB-4ECA-9EAA-82610BD30AD7}.Debug|Any CPU.ActiveCfg = Debug|iPhone
		{35D2554A-E7EB-4ECA-9EAA-82610BD30AD7}.Debug|Any CPU.Build.0 = Debug|iPhone
		{35D2554A-E7EB-4ECA-9EAA-82610BD30AD7}.Debug|Any CPU.Deploy.0 = Debug|iPhone
		{35D2554A-E7EB-4ECA-9EAA-82610BD30AD7}.Debug|ARM.ActiveCfg = Debug|iPhoneSimulator
		{35D2554A-E7EB-4ECA-9EAA-82610BD30AD7}.Debug|ARM.Build.0 = Debug|iPhoneSimulator
		{35D2554A-E7EB-4ECA-9EAA-82610BD30AD7}.Debug|ARM.Deploy.0 = Debug|iPhoneSimulator
		{35D2554A-E7EB-4ECA-9EAA-82610BD30AD7}.Debug|iPhone.ActiveCfg = Debug|iPhone
		{35D2554A-E7EB-4ECA-9EAA-82610BD30AD7}.Debug|iPhone.Build.0 = Debug|iPhone
		{35D2554A-E7EB-4ECA-9EAA-82610BD30AD7}.Debug|iPhone.Deploy.0 = Debug|iPhone
		{35D2554A-E7EB-4ECA-9EAA-82610BD30AD7}.Debug|iPhoneSimulator.ActiveCfg = Debug|iPhoneSimulator
		{35D2554A-E7EB-4ECA-9EAA-82610BD30AD7}.Debug|iPhoneSimulator.Build.0 = Debug|iPhoneSimulator
		{35D2554A-E7EB-4ECA-9EAA-82610BD30AD7}.Debug|iPhoneSimulator.Deploy.0 = Debug|iPhoneSimulator
		{35D2554A-E7EB-4ECA-9EAA-82610BD30AD7}.Debug|x64.ActiveCfg = Debug|iPhone
		{35D2554A-E7EB-4ECA-9EAA-82610BD30AD7}.Debug|x64.Build.0 = Debug|iPhone
		{35D2554A-E7EB-4ECA-9EAA-82610BD30AD7}.Debug|x64.Deploy.0 = Debug|iPhone
		{35D2554A-E7EB-4ECA-9EAA-82610BD30AD7}.Debug|x86.ActiveCfg = Debug|iPhone
		{35D2554A-E7EB-4ECA-9EAA-82610BD30AD7}.Debug|x86.Deploy.0 = Debug|iPhone
		{35D2554A-E7EB-4ECA-9EAA-82610BD30AD7}.Release|Any CPU.ActiveCfg = Release|iPhone
		{35D2554A-E7EB-4ECA-9EAA-82610BD30AD7}.Release|Any CPU.Build.0 = Release|iPhone
		{35D2554A-E7EB-4ECA-9EAA-82610BD30AD7}.Release|Any CPU.Deploy.0 = Release|iPhone
		{35D2554A-E7EB-4ECA-9EAA-82610BD30AD7}.Release|ARM.ActiveCfg = Release|iPhone
		{35D2554A-E7EB-4ECA-9EAA-82610BD30AD7}.Release|ARM.Build.0 = Release|iPhone
		{35D2554A-E7EB-4ECA-9EAA-82610BD30AD7}.Release|ARM.Deploy.0 = Release|iPhone
		{35D2554A-E7EB-4ECA-9EAA-82610BD30AD7}.Release|iPhone.ActiveCfg = Release|iPhone
		{35D2554A-E7EB-4ECA-9EAA-82610BD30AD7}.Release|iPhone.Build.0 = Release|iPhone
		{35D2554A-E7EB-4ECA-9EAA-82610BD30AD7}.Release|iPhone.Deploy.0 = Release|iPhone
		{35D2554A-E7EB-4ECA-9EAA-82610BD30AD7}.Release|iPhoneSimulator.ActiveCfg = Release|iPhoneSimulator
		{35D2554A-E7EB-4ECA-9EAA-82610BD30AD7}.Release|iPhoneSimulator.Build.0 = Release|iPhoneSimulator
		{35D2554A-E7EB-4ECA-9EAA-82610BD30AD7}.Release|iPhoneSimulator.Deploy.0 = Release|iPhoneSimulator
		{35D2554A-E7EB-4ECA-9EAA-82610BD30AD7}.Release|x64.ActiveCfg = Release|iPhone
		{35D2554A-E7EB-4ECA-9EAA-82610BD30AD7}.Release|x64.Build.0 = Release|iPhone
		{35D2554A-E7EB-4ECA-9EAA-82610BD30AD7}.Release|x64.Deploy.0 = Release|iPhone
		{35D2554A-E7EB-4ECA-9EAA-82610BD30AD7}.Release|x86.ActiveCfg = Release|iPhone
		{35D2554A-E7EB-4ECA-9EAA-82610BD30AD7}.Release|x86.Build.0 = Release|iPhone
		{35D2554A-E7EB-4ECA-9EAA-82610BD30AD7}.Release|x86.Deploy.0 = Release|iPhone
		{E6C7767D-9158-448A-980D-E73B442D74AA}.Debug|Any CPU.ActiveCfg = Debug|Any CPU
		{E6C7767D-9158-448A-980D-E73B442D74AA}.Debug|Any CPU.Build.0 = Debug|Any CPU
		{E6C7767D-9158-448A-980D-E73B442D74AA}.Debug|Any CPU.Deploy.0 = Debug|Any CPU
		{E6C7767D-9158-448A-980D-E73B442D74AA}.Debug|ARM.ActiveCfg = Debug|Any CPU
		{E6C7767D-9158-448A-980D-E73B442D74AA}.Debug|ARM.Build.0 = Debug|Any CPU
		{E6C7767D-9158-448A-980D-E73B442D74AA}.Debug|ARM.Deploy.0 = Debug|Any CPU
		{E6C7767D-9158-448A-980D-E73B442D74AA}.Debug|iPhone.ActiveCfg = Debug|Any CPU
		{E6C7767D-9158-448A-980D-E73B442D74AA}.Debug|iPhone.Build.0 = Debug|Any CPU
		{E6C7767D-9158-448A-980D-E73B442D74AA}.Debug|iPhone.Deploy.0 = Debug|Any CPU
		{E6C7767D-9158-448A-980D-E73B442D74AA}.Debug|iPhoneSimulator.ActiveCfg = Debug|Any CPU
		{E6C7767D-9158-448A-980D-E73B442D74AA}.Debug|iPhoneSimulator.Build.0 = Debug|Any CPU
		{E6C7767D-9158-448A-980D-E73B442D74AA}.Debug|iPhoneSimulator.Deploy.0 = Debug|Any CPU
		{E6C7767D-9158-448A-980D-E73B442D74AA}.Debug|x64.ActiveCfg = Debug|Any CPU
		{E6C7767D-9158-448A-980D-E73B442D74AA}.Debug|x64.Build.0 = Debug|Any CPU
		{E6C7767D-9158-448A-980D-E73B442D74AA}.Debug|x64.Deploy.0 = Debug|Any CPU
		{E6C7767D-9158-448A-980D-E73B442D74AA}.Debug|x86.ActiveCfg = Debug|Any CPU
		{E6C7767D-9158-448A-980D-E73B442D74AA}.Debug|x86.Build.0 = Debug|Any CPU
		{E6C7767D-9158-448A-980D-E73B442D74AA}.Debug|x86.Deploy.0 = Debug|Any CPU
		{E6C7767D-9158-448A-980D-E73B442D74AA}.Release|Any CPU.ActiveCfg = Release|Any CPU
		{E6C7767D-9158-448A-980D-E73B442D74AA}.Release|Any CPU.Build.0 = Release|Any CPU
		{E6C7767D-9158-448A-980D-E73B442D74AA}.Release|Any CPU.Deploy.0 = Release|Any CPU
		{E6C7767D-9158-448A-980D-E73B442D74AA}.Release|ARM.ActiveCfg = Release|Any CPU
		{E6C7767D-9158-448A-980D-E73B442D74AA}.Release|ARM.Build.0 = Release|Any CPU
		{E6C7767D-9158-448A-980D-E73B442D74AA}.Release|ARM.Deploy.0 = Release|Any CPU
		{E6C7767D-9158-448A-980D-E73B442D74AA}.Release|iPhone.ActiveCfg = Release|Any CPU
		{E6C7767D-9158-448A-980D-E73B442D74AA}.Release|iPhone.Build.0 = Release|Any CPU
		{E6C7767D-9158-448A-980D-E73B442D74AA}.Release|iPhone.Deploy.0 = Release|Any CPU
		{E6C7767D-9158-448A-980D-E73B442D74AA}.Release|iPhoneSimulator.ActiveCfg = Release|Any CPU
		{E6C7767D-9158-448A-980D-E73B442D74AA}.Release|iPhoneSimulator.Build.0 = Release|Any CPU
		{E6C7767D-9158-448A-980D-E73B442D74AA}.Release|iPhoneSimulator.Deploy.0 = Release|Any CPU
		{E6C7767D-9158-448A-980D-E73B442D74AA}.Release|x64.ActiveCfg = Release|Any CPU
		{E6C7767D-9158-448A-980D-E73B442D74AA}.Release|x64.Build.0 = Release|Any CPU
		{E6C7767D-9158-448A-980D-E73B442D74AA}.Release|x64.Deploy.0 = Release|Any CPU
		{E6C7767D-9158-448A-980D-E73B442D74AA}.Release|x86.ActiveCfg = Release|Any CPU
		{E6C7767D-9158-448A-980D-E73B442D74AA}.Release|x86.Build.0 = Release|Any CPU
		{E6C7767D-9158-448A-980D-E73B442D74AA}.Release|x86.Deploy.0 = Release|Any CPU
	EndGlobalSection
	GlobalSection(SolutionProperties) = preSolution
		HideSolutionNode = FALSE
	EndGlobalSection
	GlobalSection(ExtensibilityGlobals) = postSolution
		SolutionGuid = {57AD033D-F0D5-420B-8C93-89F3BFC6C7B8}
	EndGlobalSection
EndGlobal
